{
  "pins" : [
    {
      "identity" : "uiengine",
      "kind" : "remoteSourceControl",
      "location" : "https://github.com/zorture/UIEngine.git",
      "state" : {
        "branch" : "master",
        "revision" : "5eb7820f3710d8ba5c421038bb3b0d3e48cea4f0"
      }
    }
  ],
  "version" : 2
}
